
Microsoft Visual Studio Solution File, Format Version 12.00
# Visual Studio 15
VisualStudioVersion = 15.0.28307.136
MinimumVisualStudioVersion = 10.0.40219.1
Project("{FAE04EC0-301F-11D3-BF4B-00C04F79EFBC}") = "TelemetryData", "TelemetryData\TelemetryData.csproj", "{00C5D4F9-0366-4F45-8D30-0B9D8AF390E7}"
EndProject
Project("{FAE04EC0-301F-11D3-BF4B-00C04F79EFBC}") = "TelemetryDataTests", "TelemetryDataTests\TelemetryDataTests.csproj", "{DA5F8E81-7C97-40E0-AA57-7776F93F238C}"
EndProject
Global
	GlobalSection(SolutionConfigurationPlatforms) = preSolution
		Debug|Any CPU = Debug|Any CPU
		Release|Any CPU = Release|Any CPU
	EndGlobalSection
	GlobalSection(ProjectConfigurationPlatforms) = postSolution
		{00C5D4F9-0366-4F45-8D30-0B9D8AF390E7}.Debug|Any CPU.ActiveCfg = Debug|Any CPU
		{00C5D4F9-0366-4F45-8D30-0B9D8AF390E7}.Debug|Any CPU.Build.0 = Debug|Any CPU
		{00C5D4F9-0366-4F45-8D30-0B9D8AF390E7}.Release|Any CPU.ActiveCfg = Release|Any CPU
		{00C5D4F9-0366-4F45-8D30-0B9D8AF390E7}.Release|Any CPU.Build.0 = Release|Any CPU
		{DA5F8E81-7C97-40E0-AA57-7776F93F238C}.Debug|Any CPU.ActiveCfg = Debug|Any CPU
		{DA5F8E81-7C97-40E0-AA57-7776F93F238C}.Debug|Any CPU.Build.0 = Debug|Any CPU
		{DA5F8E81-7C97-40E0-AA57-7776F93F238C}.Release|Any CPU.ActiveCfg = Release|Any CPU
		{DA5F8E81-7C97-40E0-AA57-7776F93F238C}.Release|Any CPU.Build.0 = Release|Any CPU
	EndGlobalSection
	GlobalSection(SolutionProperties) = preSolution
		HideSolutionNode = FALSE
	EndGlobalSection
	GlobalSection(ExtensibilityGlobals) = postSolution
		SolutionGuid = {7086B138-D0E2-470C-A327-CF0A69D9B94D}
	EndGlobalSection
EndGlobal
