
Microsoft Visual Studio Solution File, Format Version 12.00
# Visual Studio 15
VisualStudioVersion = 15.0.28010.2048
MinimumVisualStudioVersion = 10.0.40219.1
Project("{FAE04EC0-301F-11D3-BF4B-00C04F79EFBC}") = "CSVSharp", "CSVSharp\CSVSharp.csproj", "{07D97FB2-3B84-4396-8316-7E04537F3963}"
EndProject
Project("{FAE04EC0-301F-11D3-BF4B-00C04F79EFBC}") = "CSVSharpTests", "CSVSharpTests\CSVSharpTests.csproj", "{2BBDB65F-6BA4-4962-8949-FE1667E81407}"
EndProject
Global
	GlobalSection(SolutionConfigurationPlatforms) = preSolution
		Debug|Any CPU = Debug|Any CPU
		Debug|x64 = Debug|x64
		Release|Any CPU = Release|Any CPU
		Release|x64 = Release|x64
	EndGlobalSection
	GlobalSection(ProjectConfigurationPlatforms) = postSolution
		{07D97FB2-3B84-4396-8316-7E04537F3963}.Debug|Any CPU.ActiveCfg = Debug|Any CPU
		{07D97FB2-3B84-4396-8316-7E04537F3963}.Debug|Any CPU.Build.0 = Debug|Any CPU
		{07D97FB2-3B84-4396-8316-7E04537F3963}.Debug|x64.ActiveCfg = Debug|Any CPU
		{07D97FB2-3B84-4396-8316-7E04537F3963}.Debug|x64.Build.0 = Debug|Any CPU
		{07D97FB2-3B84-4396-8316-7E04537F3963}.Release|Any CPU.ActiveCfg = Release|Any CPU
		{07D97FB2-3B84-4396-8316-7E04537F3963}.Release|Any CPU.Build.0 = Release|Any CPU
		{07D97FB2-3B84-4396-8316-7E04537F3963}.Release|x64.ActiveCfg = Release|Any CPU
		{07D97FB2-3B84-4396-8316-7E04537F3963}.Release|x64.Build.0 = Release|Any CPU
		{2BBDB65F-6BA4-4962-8949-FE1667E81407}.Debug|Any CPU.ActiveCfg = Debug|Any CPU
		{2BBDB65F-6BA4-4962-8949-FE1667E81407}.Debug|Any CPU.Build.0 = Debug|Any CPU
		{2BBDB65F-6BA4-4962-8949-FE1667E81407}.Debug|x64.ActiveCfg = Debug|Any CPU
		{2BBDB65F-6BA4-4962-8949-FE1667E81407}.Debug|x64.Build.0 = Debug|Any CPU
		{2BBDB65F-6BA4-4962-8949-FE1667E81407}.Release|Any CPU.ActiveCfg = Release|Any CPU
		{2BBDB65F-6BA4-4962-8949-FE1667E81407}.Release|Any CPU.Build.0 = Release|Any CPU
		{2BBDB65F-6BA4-4962-8949-FE1667E81407}.Release|x64.ActiveCfg = Release|x64
		{2BBDB65F-6BA4-4962-8949-FE1667E81407}.Release|x64.Build.0 = Release|x64
	EndGlobalSection
	GlobalSection(SolutionProperties) = preSolution
		HideSolutionNode = FALSE
	EndGlobalSection
	GlobalSection(ExtensibilityGlobals) = postSolution
		SolutionGuid = {8CA2095A-391C-45A3-BBF8-213B9FE3FE35}
	EndGlobalSection
EndGlobal
